
Microsoft Visual Studio Solution File, Format Version 12.00
# Visual Studio Version 16
VisualStudioVersion = 16.0.34114.132
MinimumVisualStudioVersion = 10.0.40219.1
Project("{FAE04EC0-301F-11D3-BF4B-00C04F79EFBC}") = "adi", "adi\adi.csproj", "{98AAB108-1228-44DC-804B-DED2E5BFD12E}"
EndProject
Global
	GlobalSection(SolutionConfigurationPlatforms) = preSolution
		Debug|Any CPU = Debug|Any CPU
		Release|Any CPU = Release|Any CPU
	EndGlobalSection
	GlobalSection(ProjectConfigurationPlatforms) = postSolution
		{98AAB108-1228-44DC-804B-DED2E5BFD12E}.Debug|Any CPU.ActiveCfg = Debug|Any CPU
		{98AAB108-1228-44DC-804B-DED2E5BFD12E}.Debug|Any CPU.Build.0 = Debug|Any CPU
		{98AAB108-1228-44DC-804B-DED2E5BFD12E}.Release|Any CPU.ActiveCfg = Release|Any CPU
		{98AAB108-1228-44DC-804B-DED2E5BFD12E}.Release|Any CPU.Build.0 = Release|Any CPU
	EndGlobalSection
	GlobalSection(SolutionProperties) = preSolution
		HideSolutionNode = FALSE
	EndGlobalSection
	GlobalSection(ExtensibilityGlobals) = postSolution
		SolutionGuid = {8A4E5D4A-E7A3-4530-A663-D81560ED5331}
	EndGlobalSection
EndGlobal
